// !$*UTF8*$!
{
	archiveVersion = 1;
	classes = {
	};
	objectVersion = 46;
	objects = {

/* Begin PBXBuildFile section */
		EB13ADFD173AC88B00D41A01 /* libGoogleAdMobAds.a in Frameworks */ = {isa = PBXBuildFile; fileRef = EB13ADFC173AC88B00D41A01 /* libGoogleAdMobAds.a */; };
		EB1E3B0016CD78D4002A91CF /* InfoPlist.strings in Resources */ = {isa = PBXBuildFile; fileRef = EB1E3AFD16CD78D4002A91CF /* InfoPlist.strings */; };
		EB28DA841739B83400F6A583 /* ViewController_iPhone.xib in Resources */ = {isa = PBXBuildFile; fileRef = EB28DA821739B83400F6A583 /* ViewController_iPhone.xib */; };
		EB30B94E17FCD8C20005B002 /* wiki_logo.png in Resources */ = {isa = PBXBuildFile; fileRef = EB30B94C17FCD8C20005B002 /* wiki_logo.png */; };
		EB30B94F17FCD8C20005B002 /* wiki_logo@2x.png in Resources */ = {isa = PBXBuildFile; fileRef = EB30B94D17FCD8C20005B002 /* wiki_logo@2x.png */; };
		EB30B95117FCDCCF0005B002 /* event_on.png in Resources */ = {isa = PBXBuildFile; fileRef = EB30B95017FCDCCF0005B002 /* event_on.png */; };
		EB38CC79187EF71900C1F46E /* Localizable.strings in Resources */ = {isa = PBXBuildFile; fileRef = EB38CC7B187EF71900C1F46E /* Localizable.strings */; };
		EB46F9C4181D859A001439AE /* Images.xcassets in Resources */ = {isa = PBXBuildFile; fileRef = EB46F9C3181D859A001439AE /* Images.xcassets */; };
		EB46F9C6181D8A8D001439AE /* StoreKit.framework in Frameworks */ = {isa = PBXBuildFile; fileRef = EB46F9C5181D8A8D001439AE /* StoreKit.framework */; };
		EB4D004915DE9CC700394DCE /* UIKit.framework in Frameworks */ = {isa = PBXBuildFile; fileRef = EB4D004815DE9CC700394DCE /* UIKit.framework */; };
		EB4D004B15DE9CC700394DCE /* Foundation.framework in Frameworks */ = {isa = PBXBuildFile; fileRef = EB4D004A15DE9CC700394DCE /* Foundation.framework */; };
		EB4D004D15DE9CC700394DCE /* CoreGraphics.framework in Frameworks */ = {isa = PBXBuildFile; fileRef = EB4D004C15DE9CC700394DCE /* CoreGraphics.framework */; };
		EB4D005515DE9CC800394DCE /* main.m in Sources */ = {isa = PBXBuildFile; fileRef = EB4D005415DE9CC800394DCE /* main.m */; };
		EB4D005915DE9CC800394DCE /* AppDelegate.m in Sources */ = {isa = PBXBuildFile; fileRef = EB4D005815DE9CC800394DCE /* AppDelegate.m */; };
		EB4D005C15DE9CC800394DCE /* ViewController.m in Sources */ = {isa = PBXBuildFile; fileRef = EB4D005B15DE9CC800394DCE /* ViewController.m */; };
		EB4D006A15DE9CC800394DCE /* SenTestingKit.framework in Frameworks */ = {isa = PBXBuildFile; fileRef = EB4D006915DE9CC800394DCE /* SenTestingKit.framework */; };
		EB4D006B15DE9CC800394DCE /* UIKit.framework in Frameworks */ = {isa = PBXBuildFile; fileRef = EB4D004815DE9CC700394DCE /* UIKit.framework */; };
		EB4D006C15DE9CC800394DCE /* Foundation.framework in Frameworks */ = {isa = PBXBuildFile; fileRef = EB4D004A15DE9CC700394DCE /* Foundation.framework */; };
		EB4D007415DE9CC800394DCE /* InfoPlist.strings in Resources */ = {isa = PBXBuildFile; fileRef = EB4D007215DE9CC800394DCE /* InfoPlist.strings */; };
		EB4D007715DE9CC800394DCE /* geoEventsTests.m in Sources */ = {isa = PBXBuildFile; fileRef = EB4D007615DE9CC800394DCE /* geoEventsTests.m */; };
		EB4D008115DE9D3000394DCE /* MapKit.framework in Frameworks */ = {isa = PBXBuildFile; fileRef = EB4D008015DE9D3000394DCE /* MapKit.framework */; };
		EB5281F615DEA93E00D4D2D3 /* GeoEvent.m in Sources */ = {isa = PBXBuildFile; fileRef = EB5281F115DEA93D00D4D2D3 /* GeoEvent.m */; };
		EB5281FE15DEABEA00D4D2D3 /* LocationController.m in Sources */ = {isa = PBXBuildFile; fileRef = EB5281FD15DEABEA00D4D2D3 /* LocationController.m */; };
		EB599152170CDCD20086C773 /* Icon-72.png in Resources */ = {isa = PBXBuildFile; fileRef = EB599151170CDCD20086C773 /* Icon-72.png */; };
		EB599154170CDCDB0086C773 /* Icon-72@2x.png in Resources */ = {isa = PBXBuildFile; fileRef = EB599153170CDCDB0086C773 /* Icon-72@2x.png */; };
		EB6047AB16298979007078D0 /* MyAnnotationButton.m in Sources */ = {isa = PBXBuildFile; fileRef = EB6047AA16298979007078D0 /* MyAnnotationButton.m */; };
		EB65F83A15E62AF40060D059 /* libsqlite3.0.dylib in Frameworks */ = {isa = PBXBuildFile; fileRef = EB65F83915E62AF40060D059 /* libsqlite3.0.dylib */; };
		EB75F154187ED647008987F5 /* close.png in Resources */ = {isa = PBXBuildFile; fileRef = EB75F152187ED647008987F5 /* close.png */; };
		EB75F155187ED647008987F5 /* close@2x.png in Resources */ = {isa = PBXBuildFile; fileRef = EB75F153187ED647008987F5 /* close@2x.png */; };
		EB77A5D417BE87B40005D1CE /* SMCalloutView.m in Sources */ = {isa = PBXBuildFile; fileRef = EB77A5D317BE87B40005D1CE /* SMCalloutView.m */; };
		EB77A5DA17BE9F970005D1CE /* QuartzCore.framework in Frameworks */ = {isa = PBXBuildFile; fileRef = EB77A5D917BE9F970005D1CE /* QuartzCore.framework */; };
		EB780AC615E4CEC40086FC5D /* MyLocation.m in Sources */ = {isa = PBXBuildFile; fileRef = EB780AC515E4CEC40086FC5D /* MyLocation.m */; };
		EBA80A5115DED1A000B77B34 /* CoreLocation.framework in Frameworks */ = {isa = PBXBuildFile; fileRef = EBA80A5015DED1A000B77B34 /* CoreLocation.framework */; };
		EBB932BF171F3DBA00ACA138 /* GeoEventDB.sql in Resources */ = {isa = PBXBuildFile; fileRef = EBB932BE171F3DBA00ACA138 /* GeoEventDB.sql */; };
		EBCB505D1731210D00603065 /* button_close.png in Resources */ = {isa = PBXBuildFile; fileRef = EBCB505B1731210D00603065 /* button_close.png */; };
		EBCB505E1731210D00603065 /* button_close@2x.png in Resources */ = {isa = PBXBuildFile; fileRef = EBCB505C1731210D00603065 /* button_close@2x.png */; };
		EBD7CE8916F39AEF0062AD0C /* ViewController_iPad.xib in Resources */ = {isa = PBXBuildFile; fileRef = EBD7CE8716F39AEF0062AD0C /* ViewController_iPad.xib */; };
		EBDF2A3316BD4B2D00E9C8B9 /* back_icon.png in Resources */ = {isa = PBXBuildFile; fileRef = EBDF2A2D16BD4B2D00E9C8B9 /* back_icon.png */; };
		EBDF2A3416BD4B2D00E9C8B9 /* back_icon@2x.png in Resources */ = {isa = PBXBuildFile; fileRef = EBDF2A2E16BD4B2D00E9C8B9 /* back_icon@2x.png */; };
		EBDF2A3516BD4B2D00E9C8B9 /* forward_icon.png in Resources */ = {isa = PBXBuildFile; fileRef = EBDF2A2F16BD4B2D00E9C8B9 /* forward_icon.png */; };
		EBDF2A3616BD4B2D00E9C8B9 /* forward_icon@2x.png in Resources */ = {isa = PBXBuildFile; fileRef = EBDF2A3016BD4B2D00E9C8B9 /* forward_icon@2x.png */; };
		EBDF2A3716BD4B2D00E9C8B9 /* reload_icon.png in Resources */ = {isa = PBXBuildFile; fileRef = EBDF2A3116BD4B2D00E9C8B9 /* reload_icon.png */; };
		EBDF2A3816BD4B2D00E9C8B9 /* reload_icon@2x.png in Resources */ = {isa = PBXBuildFile; fileRef = EBDF2A3216BD4B2D00E9C8B9 /* reload_icon@2x.png */; };
		EBDF2A3E16BDB44700E9C8B9 /* Icon.png in Resources */ = {isa = PBXBuildFile; fileRef = EBDF2A3D16BDB44700E9C8B9 /* Icon.png */; };
		EBDF2A4016BDB45A00E9C8B9 /* Icon@2x.png in Resources */ = {isa = PBXBuildFile; fileRef = EBDF2A3F16BDB45A00E9C8B9 /* Icon@2x.png */; };
		EBE3844F16B43A6400F8DB4C /* birthday_off.png in Resources */ = {isa = PBXBuildFile; fileRef = EBE3844316B43A6400F8DB4C /* birthday_off.png */; };
		EBE3845016B43A6400F8DB4C /* birthday_off@2x.png in Resources */ = {isa = PBXBuildFile; fileRef = EBE3844416B43A6400F8DB4C /* birthday_off@2x.png */; };
		EBE3845116B43A6400F8DB4C /* birthday_on.png in Resources */ = {isa = PBXBuildFile; fileRef = EBE3844516B43A6400F8DB4C /* birthday_on.png */; };
		EBE3845216B43A6400F8DB4C /* birthday_on@2x.png in Resources */ = {isa = PBXBuildFile; fileRef = EBE3844616B43A6400F8DB4C /* birthday_on@2x.png */; };
		EBE3845316B43A6400F8DB4C /* deaths_off.png in Resources */ = {isa = PBXBuildFile; fileRef = EBE3844716B43A6400F8DB4C /* deaths_off.png */; };
		EBE3845416B43A6400F8DB4C /* deaths_off@2x.png in Resources */ = {isa = PBXBuildFile; fileRef = EBE3844816B43A6400F8DB4C /* deaths_off@2x.png */; };
		EBE3845516B43A6400F8DB4C /* deaths_on.png in Resources */ = {isa = PBXBuildFile; fileRef = EBE3844916B43A6400F8DB4C /* deaths_on.png */; };
		EBE3845616B43A6400F8DB4C /* deaths_on@2x.png in Resources */ = {isa = PBXBuildFile; fileRef = EBE3844A16B43A6400F8DB4C /* deaths_on@2x.png */; };
		EBE3845716B43A6400F8DB4C /* event_off.png in Resources */ = {isa = PBXBuildFile; fileRef = EBE3844B16B43A6400F8DB4C /* event_off.png */; };
		EBE3845816B43A6400F8DB4C /* event_off@2x.png in Resources */ = {isa = PBXBuildFile; fileRef = EBE3844C16B43A6400F8DB4C /* event_off@2x.png */; };
		EBE3845A16B43A6400F8DB4C /* event_on@2x.png in Resources */ = {isa = PBXBuildFile; fileRef = EBE3844E16B43A6400F8DB4C /* event_on@2x.png */; };
		EBE3845D16B43B0700F8DB4C /* geoEvents_menu@2x.png in Resources */ = {isa = PBXBuildFile; fileRef = EBE3845C16B43B0700F8DB4C /* geoEvents_menu@2x.png */; };
		EBE3846A16B4535C00F8DB4C /* wikipedia_logo_button.png in Resources */ = {isa = PBXBuildFile; fileRef = EBE3846816B4535C00F8DB4C /* wikipedia_logo_button.png */; };
		EBE3846B16B4535C00F8DB4C /* wikipedia_logo_button@2x.png in Resources */ = {isa = PBXBuildFile; fileRef = EBE3846916B4535C00F8DB4C /* wikipedia_logo_button@2x.png */; };
		EBE3850816B45A6400F8DB4C /* AudioToolbox.framework in Frameworks */ = {isa = PBXBuildFile; fileRef = EBE3850516B45A6400F8DB4C /* AudioToolbox.framework */; };
		EBE3850916B45A6400F8DB4C /* MessageUI.framework in Frameworks */ = {isa = PBXBuildFile; fileRef = EBE3850616B45A6400F8DB4C /* MessageUI.framework */; };
		EBE3850A16B45A6400F8DB4C /* SystemConfiguration.framework in Frameworks */ = {isa = PBXBuildFile; fileRef = EBE3850716B45A6400F8DB4C /* SystemConfiguration.framework */; };
		EBE3859916B464D200F8DB4C /* Default-568h@2x.png in Resources */ = {isa = PBXBuildFile; fileRef = EBE3859816B464D200F8DB4C /* Default-568h@2x.png */; };
		EBE3859B16B4656A00F8DB4C /* AdSupport.framework in Frameworks */ = {isa = PBXBuildFile; fileRef = EBE3859A16B4656A00F8DB4C /* AdSupport.framework */; };
		EBE385A416B46E2A00F8DB4C /* filter_icon.png in Resources */ = {isa = PBXBuildFile; fileRef = EBE385A216B46E2A00F8DB4C /* filter_icon.png */; };
		EBE385A516B46E2A00F8DB4C /* filter_icon@2x.png in Resources */ = {isa = PBXBuildFile; fileRef = EBE385A316B46E2A00F8DB4C /* filter_icon@2x.png */; };
/* End PBXBuildFile section */

/* Begin PBXContainerItemProxy section */
		EB4D006D15DE9CC800394DCE /* PBXContainerItemProxy */ = {
			isa = PBXContainerItemProxy;
			containerPortal = EB4D003B15DE9CC700394DCE /* Project object */;
			proxyType = 1;
			remoteGlobalIDString = EB4D004315DE9CC700394DCE;
			remoteInfo = geoEvents;
		};
/* End PBXContainerItemProxy section */

/* Begin PBXFileReference section */
		EB13ADF3173AC88B00D41A01 /* GADAdMobExtras.h */ = {isa = PBXFileReference; fileEncoding = 4; lastKnownFileType = sourcecode.c.h; path = GADAdMobExtras.h; sourceTree = "<group>"; };
		EB13ADF4173AC88B00D41A01 /* GADAdNetworkExtras.h */ = {isa = PBXFileReference; fileEncoding = 4; lastKnownFileType = sourcecode.c.h; path = GADAdNetworkExtras.h; sourceTree = "<group>"; };
		EB13ADF5173AC88B00D41A01 /* GADAdSize.h */ = {isa = PBXFileReference; fileEncoding = 4; lastKnownFileType = sourcecode.c.h; path = GADAdSize.h; sourceTree = "<group>"; };
		EB13ADF6173AC88B00D41A01 /* GADBannerView.h */ = {isa = PBXFileReference; fileEncoding = 4; lastKnownFileType = sourcecode.c.h; path = GADBannerView.h; sourceTree = "<group>"; };
		EB13ADF7173AC88B00D41A01 /* GADBannerViewDelegate.h */ = {isa = PBXFileReference; fileEncoding = 4; lastKnownFileType = sourcecode.c.h; path = GADBannerViewDelegate.h; sourceTree = "<group>"; };
		EB13ADF8173AC88B00D41A01 /* GADInterstitial.h */ = {isa = PBXFileReference; fileEncoding = 4; lastKnownFileType = sourcecode.c.h; path = GADInterstitial.h; sourceTree = "<group>"; };
		EB13ADF9173AC88B00D41A01 /* GADInterstitialDelegate.h */ = {isa = PBXFileReference; fileEncoding = 4; lastKnownFileType = sourcecode.c.h; path = GADInterstitialDelegate.h; sourceTree = "<group>"; };
		EB13ADFA173AC88B00D41A01 /* GADRequest.h */ = {isa = PBXFileReference; fileEncoding = 4; lastKnownFileType = sourcecode.c.h; path = GADRequest.h; sourceTree = "<group>"; };
		EB13ADFB173AC88B00D41A01 /* GADRequestError.h */ = {isa = PBXFileReference; fileEncoding = 4; lastKnownFileType = sourcecode.c.h; path = GADRequestError.h; sourceTree = "<group>"; };
		EB13ADFC173AC88B00D41A01 /* libGoogleAdMobAds.a */ = {isa = PBXFileReference; lastKnownFileType = archive.ar; path = libGoogleAdMobAds.a; sourceTree = "<group>"; };
		EB1E3AFF16CD78D4002A91CF /* es */ = {isa = PBXFileReference; lastKnownFileType = text.plist.strings; name = es; path = geoEvents/es.lproj/InfoPlist.strings; sourceTree = "<group>"; };
		EB28DA831739B83400F6A583 /* es */ = {isa = PBXFileReference; lastKnownFileType = file.xib; name = es; path = es.lproj/ViewController_iPhone.xib; sourceTree = "<group>"; };
		EB30B94C17FCD8C20005B002 /* wiki_logo.png */ = {isa = PBXFileReference; lastKnownFileType = image.png; path = wiki_logo.png; sourceTree = "<group>"; };
		EB30B94D17FCD8C20005B002 /* wiki_logo@2x.png */ = {isa = PBXFileReference; lastKnownFileType = image.png; path = "wiki_logo@2x.png"; sourceTree = "<group>"; };
		EB30B95017FCDCCF0005B002 /* event_on.png */ = {isa = PBXFileReference; lastKnownFileType = image.png; path = event_on.png; sourceTree = "<group>"; };
		EB38CC7A187EF71900C1F46E /* en */ = {isa = PBXFileReference; lastKnownFileType = text.plist.strings; name = en; path = en.lproj/Localizable.strings; sourceTree = "<group>"; };
		EB38CC7C187EF73800C1F46E /* es */ = {isa = PBXFileReference; lastKnownFileType = text.plist.strings; name = es; path = es.lproj/Localizable.strings; sourceTree = "<group>"; };
		EB46F9C3181D859A001439AE /* Images.xcassets */ = {isa = PBXFileReference; lastKnownFileType = folder.assetcatalog; path = Images.xcassets; sourceTree = "<group>"; };
		EB46F9C5181D8A8D001439AE /* StoreKit.framework */ = {isa = PBXFileReference; lastKnownFileType = wrapper.framework; name = StoreKit.framework; path = System/Library/Frameworks/StoreKit.framework; sourceTree = SDKROOT; };
		EB4D004415DE9CC700394DCE /* geoEvents.app */ = {isa = PBXFileReference; explicitFileType = wrapper.application; includeInIndex = 0; path = geoEvents.app; sourceTree = BUILT_PRODUCTS_DIR; };
		EB4D004815DE9CC700394DCE /* UIKit.framework */ = {isa = PBXFileReference; lastKnownFileType = wrapper.framework; name = UIKit.framework; path = System/Library/Frameworks/UIKit.framework; sourceTree = SDKROOT; };
		EB4D004A15DE9CC700394DCE /* Foundation.framework */ = {isa = PBXFileReference; lastKnownFileType = wrapper.framework; name = Foundation.framework; path = System/Library/Frameworks/Foundation.framework; sourceTree = SDKROOT; };
		EB4D004C15DE9CC700394DCE /* CoreGraphics.framework */ = {isa = PBXFileReference; lastKnownFileType = wrapper.framework; name = CoreGraphics.framework; path = System/Library/Frameworks/CoreGraphics.framework; sourceTree = SDKROOT; };
		EB4D005015DE9CC700394DCE /* geoEvents-Info.plist */ = {isa = PBXFileReference; lastKnownFileType = text.plist.xml; path = "geoEvents-Info.plist"; sourceTree = "<group>"; };
		EB4D005415DE9CC800394DCE /* main.m */ = {isa = PBXFileReference; lastKnownFileType = sourcecode.c.objc; path = main.m; sourceTree = "<group>"; };
		EB4D005615DE9CC800394DCE /* geoEvents-Prefix.pch */ = {isa = PBXFileReference; lastKnownFileType = sourcecode.c.h; path = "geoEvents-Prefix.pch"; sourceTree = "<group>"; };
		EB4D005715DE9CC800394DCE /* AppDelegate.h */ = {isa = PBXFileReference; lastKnownFileType = sourcecode.c.h; path = AppDelegate.h; sourceTree = "<group>"; };
		EB4D005815DE9CC800394DCE /* AppDelegate.m */ = {isa = PBXFileReference; lastKnownFileType = sourcecode.c.objc; path = AppDelegate.m; sourceTree = "<group>"; };
		EB4D005A15DE9CC800394DCE /* ViewController.h */ = {isa = PBXFileReference; lastKnownFileType = sourcecode.c.h; path = ViewController.h; sourceTree = "<group>"; };
		EB4D005B15DE9CC800394DCE /* ViewController.m */ = {isa = PBXFileReference; lastKnownFileType = sourcecode.c.objc; path = ViewController.m; sourceTree = "<group>"; };
		EB4D006815DE9CC800394DCE /* geoEventsTests.octest */ = {isa = PBXFileReference; explicitFileType = wrapper.cfbundle; includeInIndex = 0; path = geoEventsTests.octest; sourceTree = BUILT_PRODUCTS_DIR; };
		EB4D006915DE9CC800394DCE /* SenTestingKit.framework */ = {isa = PBXFileReference; lastKnownFileType = wrapper.framework; name = SenTestingKit.framework; path = Library/Frameworks/SenTestingKit.framework; sourceTree = DEVELOPER_DIR; };
		EB4D007115DE9CC800394DCE /* geoEventsTests-Info.plist */ = {isa = PBXFileReference; lastKnownFileType = text.plist.xml; path = "geoEventsTests-Info.plist"; sourceTree = "<group>"; };
		EB4D007515DE9CC800394DCE /* geoEventsTests.h */ = {isa = PBXFileReference; lastKnownFileType = sourcecode.c.h; path = geoEventsTests.h; sourceTree = "<group>"; };
		EB4D007615DE9CC800394DCE /* geoEventsTests.m */ = {isa = PBXFileReference; lastKnownFileType = sourcecode.c.objc; path = geoEventsTests.m; sourceTree = "<group>"; };
		EB4D008015DE9D3000394DCE /* MapKit.framework */ = {isa = PBXFileReference; lastKnownFileType = wrapper.framework; name = MapKit.framework; path = System/Library/Frameworks/MapKit.framework; sourceTree = SDKROOT; };
		EB4D008515DE9D7B00394DCE /* es */ = {isa = PBXFileReference; lastKnownFileType = text.plist.strings; name = es; path = es.lproj/InfoPlist.strings; sourceTree = "<group>"; };
		EB5281EC15DEA71200D4D2D3 /* MyLocation.h */ = {isa = PBXFileReference; lastKnownFileType = sourcecode.c.h; path = MyLocation.h; sourceTree = "<group>"; };
		EB5281F015DEA93D00D4D2D3 /* GeoEvent.h */ = {isa = PBXFileReference; fileEncoding = 4; lastKnownFileType = sourcecode.c.h; name = GeoEvent.h; path = ../../GoldRush/Classes/GeoEvent.h; sourceTree = "<group>"; };
		EB5281F115DEA93D00D4D2D3 /* GeoEvent.m */ = {isa = PBXFileReference; fileEncoding = 4; lastKnownFileType = sourcecode.c.objc; name = GeoEvent.m; path = ../../GoldRush/Classes/GeoEvent.m; sourceTree = "<group>"; };
		EB5281FC15DEABEA00D4D2D3 /* LocationController.h */ = {isa = PBXFileReference; fileEncoding = 4; lastKnownFileType = sourcecode.c.h; name = LocationController.h; path = ../LocationController.h; sourceTree = "<group>"; };
		EB5281FD15DEABEA00D4D2D3 /* LocationController.m */ = {isa = PBXFileReference; fileEncoding = 4; lastKnownFileType = sourcecode.c.objc; name = LocationController.m; path = ../LocationController.m; sourceTree = "<group>"; };
		EB599151170CDCD20086C773 /* Icon-72.png */ = {isa = PBXFileReference; lastKnownFileType = image.png; path = "Icon-72.png"; sourceTree = "<group>"; };
		EB599153170CDCDB0086C773 /* Icon-72@2x.png */ = {isa = PBXFileReference; lastKnownFileType = image.png; path = "Icon-72@2x.png"; sourceTree = "<group>"; };
		EB6047A916298979007078D0 /* MyAnnotationButton.h */ = {isa = PBXFileReference; fileEncoding = 4; lastKnownFileType = sourcecode.c.h; path = MyAnnotationButton.h; sourceTree = "<group>"; };
		EB6047AA16298979007078D0 /* MyAnnotationButton.m */ = {isa = PBXFileReference; fileEncoding = 4; lastKnownFileType = sourcecode.c.objc; path = MyAnnotationButton.m; sourceTree = "<group>"; };
		EB65F83915E62AF40060D059 /* libsqlite3.0.dylib */ = {isa = PBXFileReference; lastKnownFileType = "compiled.mach-o.dylib"; name = libsqlite3.0.dylib; path = usr/lib/libsqlite3.0.dylib; sourceTree = SDKROOT; };
		EB7581B3173ABCEA0098171A /* en */ = {isa = PBXFileReference; lastKnownFileType = file.xib; name = en; path = en.lproj/ViewController_iPhone.xib; sourceTree = "<group>"; };
		EB7581B4173ABCF70098171A /* en */ = {isa = PBXFileReference; lastKnownFileType = file.xib; name = en; path = en.lproj/ViewController_iPad.xib; sourceTree = "<group>"; };
		EB7581B5173ABD020098171A /* en */ = {isa = PBXFileReference; lastKnownFileType = text.plist.strings; name = en; path = en.lproj/InfoPlist.strings; sourceTree = "<group>"; };
		EB7581B7173ABD440098171A /* en */ = {isa = PBXFileReference; lastKnownFileType = text.plist.strings; name = en; path = en.lproj/InfoPlist.strings; sourceTree = "<group>"; };
		EB75F152187ED647008987F5 /* close.png */ = {isa = PBXFileReference; lastKnownFileType = image.png; path = close.png; sourceTree = "<group>"; };
		EB75F153187ED647008987F5 /* close@2x.png */ = {isa = PBXFileReference; lastKnownFileType = image.png; path = "close@2x.png"; sourceTree = "<group>"; };
		EB77A5D217BE87B40005D1CE /* SMCalloutView.h */ = {isa = PBXFileReference; fileEncoding = 4; lastKnownFileType = sourcecode.c.h; path = SMCalloutView.h; sourceTree = "<group>"; };
		EB77A5D317BE87B40005D1CE /* SMCalloutView.m */ = {isa = PBXFileReference; fileEncoding = 4; lastKnownFileType = sourcecode.c.objc; path = SMCalloutView.m; sourceTree = "<group>"; };
		EB77A5D917BE9F970005D1CE /* QuartzCore.framework */ = {isa = PBXFileReference; lastKnownFileType = wrapper.framework; name = QuartzCore.framework; path = System/Library/Frameworks/QuartzCore.framework; sourceTree = SDKROOT; };
		EB780AC515E4CEC40086FC5D /* MyLocation.m */ = {isa = PBXFileReference; fileEncoding = 4; lastKnownFileType = sourcecode.c.objc; path = MyLocation.m; sourceTree = "<group>"; };
		EBA80A5015DED1A000B77B34 /* CoreLocation.framework */ = {isa = PBXFileReference; lastKnownFileType = wrapper.framework; name = CoreLocation.framework; path = System/Library/Frameworks/CoreLocation.framework; sourceTree = SDKROOT; };
		EBB2A54916F3A03200D95FC2 /* es */ = {isa = PBXFileReference; lastKnownFileType = file.xib; name = es; path = es.lproj/ViewController_iPad.xib; sourceTree = "<group>"; };
		EBB932BE171F3DBA00ACA138 /* GeoEventDB.sql */ = {isa = PBXFileReference; lastKnownFileType = file; path = GeoEventDB.sql; sourceTree = "<group>"; };
		EBCB505B1731210D00603065 /* button_close.png */ = {isa = PBXFileReference; lastKnownFileType = image.png; path = button_close.png; sourceTree = "<group>"; };
		EBCB505C1731210D00603065 /* button_close@2x.png */ = {isa = PBXFileReference; lastKnownFileType = image.png; path = "button_close@2x.png"; sourceTree = "<group>"; };
		EBCBBA1F17ABC736005D95BE /* share_image.png */ = {isa = PBXFileReference; lastKnownFileType = image.png; path = share_image.png; sourceTree = "<group>"; };
		EBCBBA2017ABC736005D95BE /* share_image@2x.png */ = {isa = PBXFileReference; lastKnownFileType = image.png; path = "share_image@2x.png"; sourceTree = "<group>"; };
		EBDF2A2D16BD4B2D00E9C8B9 /* back_icon.png */ = {isa = PBXFileReference; lastKnownFileType = image.png; name = back_icon.png; path = geoEvents/images/back_icon.png; sourceTree = "<group>"; };
		EBDF2A2E16BD4B2D00E9C8B9 /* back_icon@2x.png */ = {isa = PBXFileReference; lastKnownFileType = image.png; name = "back_icon@2x.png"; path = "geoEvents/images/back_icon@2x.png"; sourceTree = "<group>"; };
		EBDF2A2F16BD4B2D00E9C8B9 /* forward_icon.png */ = {isa = PBXFileReference; lastKnownFileType = image.png; name = forward_icon.png; path = geoEvents/images/forward_icon.png; sourceTree = "<group>"; };
		EBDF2A3016BD4B2D00E9C8B9 /* forward_icon@2x.png */ = {isa = PBXFileReference; lastKnownFileType = image.png; name = "forward_icon@2x.png"; path = "geoEvents/images/forward_icon@2x.png"; sourceTree = "<group>"; };
		EBDF2A3116BD4B2D00E9C8B9 /* reload_icon.png */ = {isa = PBXFileReference; lastKnownFileType = image.png; name = reload_icon.png; path = geoEvents/images/reload_icon.png; sourceTree = "<group>"; };
		EBDF2A3216BD4B2D00E9C8B9 /* reload_icon@2x.png */ = {isa = PBXFileReference; lastKnownFileType = image.png; name = "reload_icon@2x.png"; path = "geoEvents/images/reload_icon@2x.png"; sourceTree = "<group>"; };
		EBDF2A3D16BDB44700E9C8B9 /* Icon.png */ = {isa = PBXFileReference; lastKnownFileType = image.png; path = Icon.png; sourceTree = "<group>"; };
		EBDF2A3F16BDB45A00E9C8B9 /* Icon@2x.png */ = {isa = PBXFileReference; lastKnownFileType = image.png; path = "Icon@2x.png"; sourceTree = "<group>"; };
		EBE3844316B43A6400F8DB4C /* birthday_off.png */ = {isa = PBXFileReference; lastKnownFileType = image.png; path = birthday_off.png; sourceTree = "<group>"; };
		EBE3844416B43A6400F8DB4C /* birthday_off@2x.png */ = {isa = PBXFileReference; lastKnownFileType = image.png; path = "birthday_off@2x.png"; sourceTree = "<group>"; };
		EBE3844516B43A6400F8DB4C /* birthday_on.png */ = {isa = PBXFileReference; lastKnownFileType = image.png; path = birthday_on.png; sourceTree = "<group>"; };
		EBE3844616B43A6400F8DB4C /* birthday_on@2x.png */ = {isa = PBXFileReference; lastKnownFileType = image.png; path = "birthday_on@2x.png"; sourceTree = "<group>"; };
		EBE3844716B43A6400F8DB4C /* deaths_off.png */ = {isa = PBXFileReference; lastKnownFileType = image.png; path = deaths_off.png; sourceTree = "<group>"; };
		EBE3844816B43A6400F8DB4C /* deaths_off@2x.png */ = {isa = PBXFileReference; lastKnownFileType = image.png; path = "deaths_off@2x.png"; sourceTree = "<group>"; };
		EBE3844916B43A6400F8DB4C /* deaths_on.png */ = {isa = PBXFileReference; lastKnownFileType = image.png; path = deaths_on.png; sourceTree = "<group>"; };
		EBE3844A16B43A6400F8DB4C /* deaths_on@2x.png */ = {isa = PBXFileReference; lastKnownFileType = image.png; path = "deaths_on@2x.png"; sourceTree = "<group>"; };
		EBE3844B16B43A6400F8DB4C /* event_off.png */ = {isa = PBXFileReference; lastKnownFileType = image.png; path = event_off.png; sourceTree = "<group>"; };
		EBE3844C16B43A6400F8DB4C /* event_off@2x.png */ = {isa = PBXFileReference; lastKnownFileType = image.png; path = "event_off@2x.png"; sourceTree = "<group>"; };
		EBE3844D16B43A6400F8DB4C /* event_on.png */ = {isa = PBXFileReference; lastKnownFileType = image.png; path = event_on.png; sourceTree = "<group>"; };
		EBE3844E16B43A6400F8DB4C /* event_on@2x.png */ = {isa = PBXFileReference; lastKnownFileType = image.png; path = "event_on@2x.png"; sourceTree = "<group>"; };
		EBE3845C16B43B0700F8DB4C /* geoEvents_menu@2x.png */ = {isa = PBXFileReference; lastKnownFileType = image.png; path = "geoEvents_menu@2x.png"; sourceTree = "<group>"; };
		EBE3846816B4535C00F8DB4C /* wikipedia_logo_button.png */ = {isa = PBXFileReference; lastKnownFileType = image.png; path = wikipedia_logo_button.png; sourceTree = "<group>"; };
		EBE3846916B4535C00F8DB4C /* wikipedia_logo_button@2x.png */ = {isa = PBXFileReference; lastKnownFileType = image.png; path = "wikipedia_logo_button@2x.png"; sourceTree = "<group>"; };
		EBE3850516B45A6400F8DB4C /* AudioToolbox.framework */ = {isa = PBXFileReference; lastKnownFileType = wrapper.framework; name = AudioToolbox.framework; path = System/Library/Frameworks/AudioToolbox.framework; sourceTree = SDKROOT; };
		EBE3850616B45A6400F8DB4C /* MessageUI.framework */ = {isa = PBXFileReference; lastKnownFileType = wrapper.framework; name = MessageUI.framework; path = System/Library/Frameworks/MessageUI.framework; sourceTree = SDKROOT; };
		EBE3850716B45A6400F8DB4C /* SystemConfiguration.framework */ = {isa = PBXFileReference; lastKnownFileType = wrapper.framework; name = SystemConfiguration.framework; path = System/Library/Frameworks/SystemConfiguration.framework; sourceTree = SDKROOT; };
		EBE3855916B4649E00F8DB4C /* GADCustomEventBanner.h */ = {isa = PBXFileReference; fileEncoding = 4; lastKnownFileType = sourcecode.c.h; path = GADCustomEventBanner.h; sourceTree = "<group>"; };
		EBE3855A16B4649E00F8DB4C /* GADCustomEventBannerDelegate.h */ = {isa = PBXFileReference; fileEncoding = 4; lastKnownFileType = sourcecode.c.h; path = GADCustomEventBannerDelegate.h; sourceTree = "<group>"; };
		EBE3855B16B4649E00F8DB4C /* GADCustomEventExtras.h */ = {isa = PBXFileReference; fileEncoding = 4; lastKnownFileType = sourcecode.c.h; path = GADCustomEventExtras.h; sourceTree = "<group>"; };
		EBE3855C16B4649E00F8DB4C /* GADCustomEventInterstitial.h */ = {isa = PBXFileReference; fileEncoding = 4; lastKnownFileType = sourcecode.c.h; path = GADCustomEventInterstitial.h; sourceTree = "<group>"; };
		EBE3855D16B4649E00F8DB4C /* GADCustomEventInterstitialDelegate.h */ = {isa = PBXFileReference; fileEncoding = 4; lastKnownFileType = sourcecode.c.h; path = GADCustomEventInterstitialDelegate.h; sourceTree = "<group>"; };
		EBE3855E16B4649E00F8DB4C /* GADCustomEventRequest.h */ = {isa = PBXFileReference; fileEncoding = 4; lastKnownFileType = sourcecode.c.h; path = GADCustomEventRequest.h; sourceTree = "<group>"; };
		EBE3856016B4649F00F8DB4C /* GADSearchBannerView.h */ = {isa = PBXFileReference; fileEncoding = 4; lastKnownFileType = sourcecode.c.h; path = GADSearchBannerView.h; sourceTree = "<group>"; };
		EBE3856116B4649F00F8DB4C /* GADSearchRequest.h */ = {isa = PBXFileReference; fileEncoding = 4; lastKnownFileType = sourcecode.c.h; path = GADSearchRequest.h; sourceTree = "<group>"; };
		EBE3859816B464D200F8DB4C /* Default-568h@2x.png */ = {isa = PBXFileReference; lastKnownFileType = image.png; path = "Default-568h@2x.png"; sourceTree = "<group>"; };
		EBE3859A16B4656A00F8DB4C /* AdSupport.framework */ = {isa = PBXFileReference; lastKnownFileType = wrapper.framework; name = AdSupport.framework; path = System/Library/Frameworks/AdSupport.framework; sourceTree = SDKROOT; };
		EBE385A216B46E2A00F8DB4C /* filter_icon.png */ = {isa = PBXFileReference; lastKnownFileType = image.png; path = filter_icon.png; sourceTree = "<group>"; };
		EBE385A316B46E2A00F8DB4C /* filter_icon@2x.png */ = {isa = PBXFileReference; lastKnownFileType = image.png; path = "filter_icon@2x.png"; sourceTree = "<group>"; };
/* End PBXFileReference section */

/* Begin PBXFrameworksBuildPhase section */
		EB4D004115DE9CC700394DCE /* Frameworks */ = {
			isa = PBXFrameworksBuildPhase;
			buildActionMask = 2147483647;
			files = (
				EB46F9C6181D8A8D001439AE /* StoreKit.framework in Frameworks */,
				EB77A5DA17BE9F970005D1CE /* QuartzCore.framework in Frameworks */,
				EBE3859B16B4656A00F8DB4C /* AdSupport.framework in Frameworks */,
				EBE3850816B45A6400F8DB4C /* AudioToolbox.framework in Frameworks */,
				EBE3850916B45A6400F8DB4C /* MessageUI.framework in Frameworks */,
				EBE3850A16B45A6400F8DB4C /* SystemConfiguration.framework in Frameworks */,
				EB4D004D15DE9CC700394DCE /* CoreGraphics.framework in Frameworks */,
				EB65F83A15E62AF40060D059 /* libsqlite3.0.dylib in Frameworks */,
				EBA80A5115DED1A000B77B34 /* CoreLocation.framework in Frameworks */,
				EB4D008115DE9D3000394DCE /* MapKit.framework in Frameworks */,
				EB4D004915DE9CC700394DCE /* UIKit.framework in Frameworks */,
				EB4D004B15DE9CC700394DCE /* Foundation.framework in Frameworks */,
				EB13ADFD173AC88B00D41A01 /* libGoogleAdMobAds.a in Frameworks */,
			);
			runOnlyForDeploymentPostprocessing = 0;
		};
		EB4D006415DE9CC800394DCE /* Frameworks */ = {
			isa = PBXFrameworksBuildPhase;
			buildActionMask = 2147483647;
			files = (
				EB4D006A15DE9CC800394DCE /* SenTestingKit.framework in Frameworks */,
				EB4D006B15DE9CC800394DCE /* UIKit.framework in Frameworks */,
				EB4D006C15DE9CC800394DCE /* Foundation.framework in Frameworks */,
			);
			runOnlyForDeploymentPostprocessing = 0;
		};
/* End PBXFrameworksBuildPhase section */

/* Begin PBXGroup section */
		EB4D003915DE9CC700394DCE = {
			isa = PBXGroup;
			children = (
				EB13ADF3173AC88B00D41A01 /* GADAdMobExtras.h */,
				EB13ADF4173AC88B00D41A01 /* GADAdNetworkExtras.h */,
				EB13ADF5173AC88B00D41A01 /* GADAdSize.h */,
				EB13ADF6173AC88B00D41A01 /* GADBannerView.h */,
				EB13ADF7173AC88B00D41A01 /* GADBannerViewDelegate.h */,
				EB13ADF8173AC88B00D41A01 /* GADInterstitial.h */,
				EB13ADF9173AC88B00D41A01 /* GADInterstitialDelegate.h */,
				EB13ADFA173AC88B00D41A01 /* GADRequest.h */,
				EB13ADFB173AC88B00D41A01 /* GADRequestError.h */,
				EB13ADFC173AC88B00D41A01 /* libGoogleAdMobAds.a */,
				EB28DA821739B83400F6A583 /* ViewController_iPhone.xib */,
				EBB932BE171F3DBA00ACA138 /* GeoEventDB.sql */,
				EBB932BA171F282700ACA138 /* Library */,
				EB599153170CDCDB0086C773 /* Icon-72@2x.png */,
				EB599151170CDCD20086C773 /* Icon-72.png */,
				EBD7CE8716F39AEF0062AD0C /* ViewController_iPad.xib */,
				EB1E3AFD16CD78D4002A91CF /* InfoPlist.strings */,
				EBDF2A3F16BDB45A00E9C8B9 /* Icon@2x.png */,
				EBDF2A3D16BDB44700E9C8B9 /* Icon.png */,
				EBE3859A16B4656A00F8DB4C /* AdSupport.framework */,
				EBE3859816B464D200F8DB4C /* Default-568h@2x.png */,
				EBE3855816B4649E00F8DB4C /* Mediation */,
				EBE3855F16B4649E00F8DB4C /* Search */,
				EBE3850516B45A6400F8DB4C /* AudioToolbox.framework */,
				EBE3850616B45A6400F8DB4C /* MessageUI.framework */,
				EBE3850716B45A6400F8DB4C /* SystemConfiguration.framework */,
				EBBE44E315F677A400077AF3 /* images */,
				EB65F83915E62AF40060D059 /* libsqlite3.0.dylib */,
				EB4D004E15DE9CC700394DCE /* geoEvents */,
				EB4D006F15DE9CC800394DCE /* geoEventsTests */,
				EB4D004715DE9CC700394DCE /* Frameworks */,
				EB4D004515DE9CC700394DCE /* Products */,
			);
			sourceTree = "<group>";
		};
		EB4D004515DE9CC700394DCE /* Products */ = {
			isa = PBXGroup;
			children = (
				EB4D004415DE9CC700394DCE /* geoEvents.app */,
				EB4D006815DE9CC800394DCE /* geoEventsTests.octest */,
			);
			name = Products;
			sourceTree = "<group>";
		};
		EB4D004715DE9CC700394DCE /* Frameworks */ = {
			isa = PBXGroup;
			children = (
				EB46F9C5181D8A8D001439AE /* StoreKit.framework */,
				EB77A5D917BE9F970005D1CE /* QuartzCore.framework */,
				EBA80A5015DED1A000B77B34 /* CoreLocation.framework */,
				EB4D008015DE9D3000394DCE /* MapKit.framework */,
				EB4D004815DE9CC700394DCE /* UIKit.framework */,
				EB4D004A15DE9CC700394DCE /* Foundation.framework */,
				EB4D004C15DE9CC700394DCE /* CoreGraphics.framework */,
				EB4D006915DE9CC800394DCE /* SenTestingKit.framework */,
			);
			name = Frameworks;
			sourceTree = "<group>";
		};
		EB4D004E15DE9CC700394DCE /* geoEvents */ = {
			isa = PBXGroup;
			children = (
				EB5281FD15DEABEA00D4D2D3 /* LocationController.m */,
				EB5281FC15DEABEA00D4D2D3 /* LocationController.h */,
				EB5281F015DEA93D00D4D2D3 /* GeoEvent.h */,
				EB5281F115DEA93D00D4D2D3 /* GeoEvent.m */,
				EB4D005715DE9CC800394DCE /* AppDelegate.h */,
				EB4D005815DE9CC800394DCE /* AppDelegate.m */,
				EB4D005A15DE9CC800394DCE /* ViewController.h */,
				EB4D005B15DE9CC800394DCE /* ViewController.m */,
				EB4D004F15DE9CC700394DCE /* Supporting Files */,
				EB5281EC15DEA71200D4D2D3 /* MyLocation.h */,
				EB780AC515E4CEC40086FC5D /* MyLocation.m */,
				EB6047A916298979007078D0 /* MyAnnotationButton.h */,
				EB6047AA16298979007078D0 /* MyAnnotationButton.m */,
				EB77A5D217BE87B40005D1CE /* SMCalloutView.h */,
				EB77A5D317BE87B40005D1CE /* SMCalloutView.m */,
				EB46F9C3181D859A001439AE /* Images.xcassets */,
			);
			path = geoEvents;
			sourceTree = "<group>";
		};
		EB4D004F15DE9CC700394DCE /* Supporting Files */ = {
			isa = PBXGroup;
			children = (
				EB38CC7B187EF71900C1F46E /* Localizable.strings */,
				EB4D005015DE9CC700394DCE /* geoEvents-Info.plist */,
				EB4D005415DE9CC800394DCE /* main.m */,
				EB4D005615DE9CC800394DCE /* geoEvents-Prefix.pch */,
			);
			name = "Supporting Files";
			sourceTree = "<group>";
		};
		EB4D006F15DE9CC800394DCE /* geoEventsTests */ = {
			isa = PBXGroup;
			children = (
				EB4D007515DE9CC800394DCE /* geoEventsTests.h */,
				EB4D007615DE9CC800394DCE /* geoEventsTests.m */,
				EB4D007015DE9CC800394DCE /* Supporting Files */,
			);
			path = geoEventsTests;
			sourceTree = "<group>";
		};
		EB4D007015DE9CC800394DCE /* Supporting Files */ = {
			isa = PBXGroup;
			children = (
				EB4D007115DE9CC800394DCE /* geoEventsTests-Info.plist */,
				EB4D007215DE9CC800394DCE /* InfoPlist.strings */,
			);
			name = "Supporting Files";
			sourceTree = "<group>";
		};
		EBB932BA171F282700ACA138 /* Library */ = {
			isa = PBXGroup;
			children = (
				EBB932BB171F282E00ACA138 /* Caches */,
			);
			name = Library;
			sourceTree = "<group>";
		};
		EBB932BB171F282E00ACA138 /* Caches */ = {
			isa = PBXGroup;
			children = (
			);
			name = Caches;
			sourceTree = "<group>";
		};
		EBBE44E315F677A400077AF3 /* images */ = {
			isa = PBXGroup;
			children = (
				EB75F152187ED647008987F5 /* close.png */,
				EB75F153187ED647008987F5 /* close@2x.png */,
				EB30B95017FCDCCF0005B002 /* event_on.png */,
				EB30B94C17FCD8C20005B002 /* wiki_logo.png */,
				EB30B94D17FCD8C20005B002 /* wiki_logo@2x.png */,
				EBCB505B1731210D00603065 /* button_close.png */,
				EBCBBA2017ABC736005D95BE /* share_image@2x.png */,
				EBCB505C1731210D00603065 /* button_close@2x.png */,
				EBDF2A2D16BD4B2D00E9C8B9 /* back_icon.png */,
				EBCBBA1F17ABC736005D95BE /* share_image.png */,
				EBDF2A2E16BD4B2D00E9C8B9 /* back_icon@2x.png */,
				EBE385A216B46E2A00F8DB4C /* filter_icon.png */,
				EBE385A316B46E2A00F8DB4C /* filter_icon@2x.png */,
				EBDF2A2F16BD4B2D00E9C8B9 /* forward_icon.png */,
				EBDF2A3016BD4B2D00E9C8B9 /* forward_icon@2x.png */,
				EBDF2A3116BD4B2D00E9C8B9 /* reload_icon.png */,
				EBDF2A3216BD4B2D00E9C8B9 /* reload_icon@2x.png */,
				EBE3846916B4535C00F8DB4C /* wikipedia_logo_button@2x.png */,
				EBE3846816B4535C00F8DB4C /* wikipedia_logo_button.png */,
				EBE3845C16B43B0700F8DB4C /* geoEvents_menu@2x.png */,
				EBE3844316B43A6400F8DB4C /* birthday_off.png */,
				EBE3844416B43A6400F8DB4C /* birthday_off@2x.png */,
				EBE3844516B43A6400F8DB4C /* birthday_on.png */,
				EBE3844616B43A6400F8DB4C /* birthday_on@2x.png */,
				EBE3844716B43A6400F8DB4C /* deaths_off.png */,
				EBE3844816B43A6400F8DB4C /* deaths_off@2x.png */,
				EBE3844916B43A6400F8DB4C /* deaths_on.png */,
				EBE3844A16B43A6400F8DB4C /* deaths_on@2x.png */,
				EBE3844B16B43A6400F8DB4C /* event_off.png */,
				EBE3844C16B43A6400F8DB4C /* event_off@2x.png */,
				EBE3844D16B43A6400F8DB4C /* event_on.png */,
				EBE3844E16B43A6400F8DB4C /* event_on@2x.png */,
			);
			name = images;
			sourceTree = "<group>";
		};
		EBE3855816B4649E00F8DB4C /* Mediation */ = {
			isa = PBXGroup;
			children = (
				EBE3855916B4649E00F8DB4C /* GADCustomEventBanner.h */,
				EBE3855A16B4649E00F8DB4C /* GADCustomEventBannerDelegate.h */,
				EBE3855B16B4649E00F8DB4C /* GADCustomEventExtras.h */,
				EBE3855C16B4649E00F8DB4C /* GADCustomEventInterstitial.h */,
				EBE3855D16B4649E00F8DB4C /* GADCustomEventInterstitialDelegate.h */,
				EBE3855E16B4649E00F8DB4C /* GADCustomEventRequest.h */,
			);
			path = Mediation;
			sourceTree = "<group>";
		};
		EBE3855F16B4649E00F8DB4C /* Search */ = {
			isa = PBXGroup;
			children = (
				EBE3856016B4649F00F8DB4C /* GADSearchBannerView.h */,
				EBE3856116B4649F00F8DB4C /* GADSearchRequest.h */,
			);
			path = Search;
			sourceTree = "<group>";
		};
/* End PBXGroup section */

/* Begin PBXNativeTarget section */
		EB4D004315DE9CC700394DCE /* geoEvents */ = {
			isa = PBXNativeTarget;
			buildConfigurationList = EB4D007A15DE9CC800394DCE /* Build configuration list for PBXNativeTarget "geoEvents" */;
			buildPhases = (
				EB4D004015DE9CC700394DCE /* Sources */,
				EB4D004115DE9CC700394DCE /* Frameworks */,
				EB4D004215DE9CC700394DCE /* Resources */,
			);
			buildRules = (
			);
			dependencies = (
			);
			name = geoEvents;
			productName = geoEvents;
			productReference = EB4D004415DE9CC700394DCE /* geoEvents.app */;
			productType = "com.apple.product-type.application";
		};
		EB4D006715DE9CC800394DCE /* geoEventsTests */ = {
			isa = PBXNativeTarget;
			buildConfigurationList = EB4D007D15DE9CC800394DCE /* Build configuration list for PBXNativeTarget "geoEventsTests" */;
			buildPhases = (
				EB4D006315DE9CC800394DCE /* Sources */,
				EB4D006415DE9CC800394DCE /* Frameworks */,
				EB4D006515DE9CC800394DCE /* Resources */,
				EB4D006615DE9CC800394DCE /* ShellScript */,
			);
			buildRules = (
			);
			dependencies = (
				EB4D006E15DE9CC800394DCE /* PBXTargetDependency */,
			);
			name = geoEventsTests;
			productName = geoEventsTests;
			productReference = EB4D006815DE9CC800394DCE /* geoEventsTests.octest */;
			productType = "com.apple.product-type.bundle";
		};
/* End PBXNativeTarget section */

/* Begin PBXProject section */
		EB4D003B15DE9CC700394DCE /* Project object */ = {
			isa = PBXProject;
			attributes = {
				LastUpgradeCheck = 0500;
				ORGANIZATIONNAME = "Jorge Jordán Arenas";
				TargetAttributes = {
					EB4D004315DE9CC700394DCE = {
						DevelopmentTeam = WCKPXB57CT;
						SystemCapabilities = {
							com.apple.DataProtection = {
								enabled = 1;
							};
							com.apple.InAppPurchase = {
								enabled = 0;
							};
						};
					};
				};
			};
			buildConfigurationList = EB4D003E15DE9CC700394DCE /* Build configuration list for PBXProject "geoEvents" */;
			compatibilityVersion = "Xcode 3.2";
			developmentRegion = English;
			hasScannedForEncodings = 0;
			knownRegions = (
				en,
				es,
			);
			mainGroup = EB4D003915DE9CC700394DCE;
			productRefGroup = EB4D004515DE9CC700394DCE /* Products */;
			projectDirPath = "";
			projectRoot = "";
			targets = (
				EB4D004315DE9CC700394DCE /* geoEvents */,
				EB4D006715DE9CC800394DCE /* geoEventsTests */,
			);
		};
/* End PBXProject section */

/* Begin PBXResourcesBuildPhase section */
		EB4D004215DE9CC700394DCE /* Resources */ = {
			isa = PBXResourcesBuildPhase;
			buildActionMask = 2147483647;
			files = (
				EBE3844F16B43A6400F8DB4C /* birthday_off.png in Resources */,
				EBE3845016B43A6400F8DB4C /* birthday_off@2x.png in Resources */,
				EB30B95117FCDCCF0005B002 /* event_on.png in Resources */,
				EBE3845116B43A6400F8DB4C /* birthday_on.png in Resources */,
				EB30B94E17FCD8C20005B002 /* wiki_logo.png in Resources */,
				EBE3845216B43A6400F8DB4C /* birthday_on@2x.png in Resources */,
				EBE3845316B43A6400F8DB4C /* deaths_off.png in Resources */,
				EBE3845416B43A6400F8DB4C /* deaths_off@2x.png in Resources */,
				EBE3845516B43A6400F8DB4C /* deaths_on.png in Resources */,
				EBE3845616B43A6400F8DB4C /* deaths_on@2x.png in Resources */,
				EBE3845716B43A6400F8DB4C /* event_off.png in Resources */,
				EBE3845816B43A6400F8DB4C /* event_off@2x.png in Resources */,
				EB30B94F17FCD8C20005B002 /* wiki_logo@2x.png in Resources */,
				EBE3845A16B43A6400F8DB4C /* event_on@2x.png in Resources */,
				EB75F155187ED647008987F5 /* close@2x.png in Resources */,
				EB46F9C4181D859A001439AE /* Images.xcassets in Resources */,
				EBE3845D16B43B0700F8DB4C /* geoEvents_menu@2x.png in Resources */,
				EBE3846A16B4535C00F8DB4C /* wikipedia_logo_button.png in Resources */,
				EBE3846B16B4535C00F8DB4C /* wikipedia_logo_button@2x.png in Resources */,
				EBE3859916B464D200F8DB4C /* Default-568h@2x.png in Resources */,
				EBE385A416B46E2A00F8DB4C /* filter_icon.png in Resources */,
				EBE385A516B46E2A00F8DB4C /* filter_icon@2x.png in Resources */,
				EBDF2A3316BD4B2D00E9C8B9 /* back_icon.png in Resources */,
				EBDF2A3416BD4B2D00E9C8B9 /* back_icon@2x.png in Resources */,
				EBDF2A3516BD4B2D00E9C8B9 /* forward_icon.png in Resources */,
				EBDF2A3616BD4B2D00E9C8B9 /* forward_icon@2x.png in Resources */,
				EBDF2A3716BD4B2D00E9C8B9 /* reload_icon.png in Resources */,
				EBDF2A3816BD4B2D00E9C8B9 /* reload_icon@2x.png in Resources */,
				EBDF2A3E16BDB44700E9C8B9 /* Icon.png in Resources */,
				EBDF2A4016BDB45A00E9C8B9 /* Icon@2x.png in Resources */,
				EB1E3B0016CD78D4002A91CF /* InfoPlist.strings in Resources */,
				EB38CC79187EF71900C1F46E /* Localizable.strings in Resources */,
				EBD7CE8916F39AEF0062AD0C /* ViewController_iPad.xib in Resources */,
				EB599152170CDCD20086C773 /* Icon-72.png in Resources */,
				EB75F154187ED647008987F5 /* close.png in Resources */,
				EB599154170CDCDB0086C773 /* Icon-72@2x.png in Resources */,
				EBB932BF171F3DBA00ACA138 /* GeoEventDB.sql in Resources */,
				EBCB505D1731210D00603065 /* button_close.png in Resources */,
				EBCB505E1731210D00603065 /* button_close@2x.png in Resources */,
				EB28DA841739B83400F6A583 /* ViewController_iPhone.xib in Resources */,
			);
			runOnlyForDeploymentPostprocessing = 0;
		};
		EB4D006515DE9CC800394DCE /* Resources */ = {
			isa = PBXResourcesBuildPhase;
			buildActionMask = 2147483647;
			files = (
				EB4D007415DE9CC800394DCE /* InfoPlist.strings in Resources */,
			);
			runOnlyForDeploymentPostprocessing = 0;
		};
/* End PBXResourcesBuildPhase section */

/* Begin PBXShellScriptBuildPhase section */
		EB4D006615DE9CC800394DCE /* ShellScript */ = {
			isa = PBXShellScriptBuildPhase;
			buildActionMask = 2147483647;
			files = (
			);
			inputPaths = (
			);
			outputPaths = (
			);
			runOnlyForDeploymentPostprocessing = 0;
			shellPath = /bin/sh;
			shellScript = "# Run the unit tests in this test bundle.\n\"${SYSTEM_DEVELOPER_DIR}/Tools/RunUnitTests\"\n";
		};
/* End PBXShellScriptBuildPhase section */

/* Begin PBXSourcesBuildPhase section */
		EB4D004015DE9CC700394DCE /* Sources */ = {
			isa = PBXSourcesBuildPhase;
			buildActionMask = 2147483647;
			files = (
				EB4D005515DE9CC800394DCE /* main.m in Sources */,
				EB4D005915DE9CC800394DCE /* AppDelegate.m in Sources */,
				EB4D005C15DE9CC800394DCE /* ViewController.m in Sources */,
				EB5281F615DEA93E00D4D2D3 /* GeoEvent.m in Sources */,
				EB5281FE15DEABEA00D4D2D3 /* LocationController.m in Sources */,
				EB780AC615E4CEC40086FC5D /* MyLocation.m in Sources */,
				EB77A5D417BE87B40005D1CE /* SMCalloutView.m in Sources */,
				EB6047AB16298979007078D0 /* MyAnnotationButton.m in Sources */,
			);
			runOnlyForDeploymentPostprocessing = 0;
		};
		EB4D006315DE9CC800394DCE /* Sources */ = {
			isa = PBXSourcesBuildPhase;
			buildActionMask = 2147483647;
			files = (
				EB4D007715DE9CC800394DCE /* geoEventsTests.m in Sources */,
			);
			runOnlyForDeploymentPostprocessing = 0;
		};
/* End PBXSourcesBuildPhase section */

/* Begin PBXTargetDependency section */
		EB4D006E15DE9CC800394DCE /* PBXTargetDependency */ = {
			isa = PBXTargetDependency;
			target = EB4D004315DE9CC700394DCE /* geoEvents */;
			targetProxy = EB4D006D15DE9CC800394DCE /* PBXContainerItemProxy */;
		};
/* End PBXTargetDependency section */

/* Begin PBXVariantGroup section */
		EB1E3AFD16CD78D4002A91CF /* InfoPlist.strings */ = {
			isa = PBXVariantGroup;
			children = (
				EB1E3AFF16CD78D4002A91CF /* es */,
				EB7581B5173ABD020098171A /* en */,
			);
			name = InfoPlist.strings;
			sourceTree = "<group>";
		};
		EB28DA821739B83400F6A583 /* ViewController_iPhone.xib */ = {
			isa = PBXVariantGroup;
			children = (
				EB28DA831739B83400F6A583 /* es */,
				EB7581B3173ABCEA0098171A /* en */,
			);
			name = ViewController_iPhone.xib;
			sourceTree = "<group>";
		};
		EB38CC7B187EF71900C1F46E /* Localizable.strings */ = {
			isa = PBXVariantGroup;
			children = (
				EB38CC7A187EF71900C1F46E /* en */,
				EB38CC7C187EF73800C1F46E /* es */,
			);
			name = Localizable.strings;
			path = ..;
			sourceTree = "<group>";
		};
		EB4D007215DE9CC800394DCE /* InfoPlist.strings */ = {
			isa = PBXVariantGroup;
			children = (
				EB4D008515DE9D7B00394DCE /* es */,
				EB7581B7173ABD440098171A /* en */,
			);
			name = InfoPlist.strings;
			sourceTree = "<group>";
		};
		EBD7CE8716F39AEF0062AD0C /* ViewController_iPad.xib */ = {
			isa = PBXVariantGroup;
			children = (
				EBB2A54916F3A03200D95FC2 /* es */,
				EB7581B4173ABCF70098171A /* en */,
			);
			name = ViewController_iPad.xib;
			sourceTree = "<group>";
		};
/* End PBXVariantGroup section */

/* Begin XCBuildConfiguration section */
		EB4D007815DE9CC800394DCE /* Debug */ = {
			isa = XCBuildConfiguration;
			buildSettings = {
				ALWAYS_SEARCH_USER_PATHS = NO;
				CLANG_CXX_LANGUAGE_STANDARD = "gnu++0x";
				CLANG_ENABLE_OBJC_ARC = YES;
				CLANG_WARN__DUPLICATE_METHOD_MATCH = YES;
				CODE_SIGN_IDENTITY = "iPhone Distribution: Jorge Jordan Arenas";
				"CODE_SIGN_IDENTITY[sdk=iphoneos*]" = "iPhone Distribution: Jorge Jordan Arenas";
				COPY_PHASE_STRIP = NO;
				GCC_C_LANGUAGE_STANDARD = gnu99;
				GCC_DYNAMIC_NO_PIC = NO;
				GCC_OPTIMIZATION_LEVEL = 0;
				GCC_PREPROCESSOR_DEFINITIONS = (
					"DEBUG=1",
					"$(inherited)",
				);
				GCC_SYMBOLS_PRIVATE_EXTERN = NO;
				GCC_WARN_ABOUT_RETURN_TYPE = YES;
				GCC_WARN_UNINITIALIZED_AUTOS = YES;
				GCC_WARN_UNUSED_VARIABLE = YES;
				IPHONEOS_DEPLOYMENT_TARGET = 6.0;
				ONLY_ACTIVE_ARCH = YES;
				PROVISIONING_PROFILE = "58E0C284-4121-4025-90D3-717FBF9D3FA0";
				"PROVISIONING_PROFILE[sdk=iphoneos*]" = "58E0C284-4121-4025-90D3-717FBF9D3FA0";
				SDKROOT = iphoneos;
				TARGETED_DEVICE_FAMILY = "1,2";
			};
			name = Debug;
		};
		EB4D007915DE9CC800394DCE /* Release */ = {
			isa = XCBuildConfiguration;
			buildSettings = {
				ALWAYS_SEARCH_USER_PATHS = NO;
				CLANG_CXX_LANGUAGE_STANDARD = "gnu++0x";
				CLANG_ENABLE_OBJC_ARC = YES;
				CLANG_WARN__DUPLICATE_METHOD_MATCH = YES;
				CODE_SIGN_IDENTITY = "iPhone Distribution: Jorge Jordan Arenas";
				"CODE_SIGN_IDENTITY[sdk=iphoneos*]" = "iPhone Distribution: Jorge Jordan Arenas";
				COPY_PHASE_STRIP = YES;
				GCC_C_LANGUAGE_STANDARD = gnu99;
				"GCC_PREPROCESSOR_DEFINITIONS[arch=*]" = "";
				GCC_WARN_ABOUT_RETURN_TYPE = YES;
				GCC_WARN_UNINITIALIZED_AUTOS = YES;
				GCC_WARN_UNUSED_VARIABLE = YES;
				IPHONEOS_DEPLOYMENT_TARGET = 6.0;
				OTHER_CFLAGS = "-DNS_BLOCK_ASSERTIONS=1";
				PROVISIONING_PROFILE = "58E0C284-4121-4025-90D3-717FBF9D3FA0";
				"PROVISIONING_PROFILE[sdk=iphoneos*]" = "58E0C284-4121-4025-90D3-717FBF9D3FA0";
				SDKROOT = iphoneos;
				TARGETED_DEVICE_FAMILY = "1,2";
				VALIDATE_PRODUCT = YES;
			};
			name = Release;
		};
		EB4D007B15DE9CC800394DCE /* Debug */ = {
			isa = XCBuildConfiguration;
			buildSettings = {
				ASSETCATALOG_COMPILER_APPICON_NAME = AppIcon;
				ASSETCATALOG_COMPILER_LAUNCHIMAGE_NAME = LaunchImage;
				CODE_SIGN_IDENTITY = "iPhone Developer";
				"CODE_SIGN_IDENTITY[sdk=iphoneos*]" = "iPhone Developer";
				GCC_PRECOMPILE_PREFIX_HEADER = YES;
				GCC_PREFIX_HEADER = "geoEvents/geoEvents-Prefix.pch";
				INFOPLIST_FILE = "geoEvents/geoEvents-Info.plist";
				IPHONEOS_DEPLOYMENT_TARGET = 7.0;
				LIBRARY_SEARCH_PATHS = (
					"$(inherited)",
					"\"$(SRCROOT)/Add-ons/GoogleAnalyticsiOS_2.0beta3/Library\"",
					"\"$(SRCROOT)\"",
					"\"$(SRCROOT)/GoogleAnalyticsiOS_2.0beta3/Library\"",
				);
				OTHER_LDFLAGS = "-ObjC";
				PRODUCT_NAME = "$(TARGET_NAME)";
				PROVISIONING_PROFILE = "";
				"PROVISIONING_PROFILE[sdk=iphoneos*]" = "58E0C284-4121-4025-90D3-717FBF9D3FA0";
				TARGETED_DEVICE_FAMILY = "1,2";
				WRAPPER_EXTENSION = app;
			};
			name = Debug;
		};
		EB4D007C15DE9CC800394DCE /* Release */ = {
			isa = XCBuildConfiguration;
			buildSettings = {
				ASSETCATALOG_COMPILER_APPICON_NAME = AppIcon;
				ASSETCATALOG_COMPILER_LAUNCHIMAGE_NAME = LaunchImage;
				CODE_SIGN_IDENTITY = "iPhone Developer";
				"CODE_SIGN_IDENTITY[sdk=iphoneos*]" = "iPhone Developer";
				GCC_PRECOMPILE_PREFIX_HEADER = YES;
				GCC_PREFIX_HEADER = "geoEvents/geoEvents-Prefix.pch";
				INFOPLIST_FILE = "geoEvents/geoEvents-Info.plist";
				IPHONEOS_DEPLOYMENT_TARGET = 7.0;
				LIBRARY_SEARCH_PATHS = (
					"$(inherited)",
					"\"$(SRCROOT)/Add-ons/GoogleAnalyticsiOS_2.0beta3/Library\"",
					"\"$(SRCROOT)\"",
					"\"$(SRCROOT)/GoogleAnalyticsiOS_2.0beta3/Library\"",
				);
				OTHER_LDFLAGS = "-ObjC";
				PRODUCT_NAME = "$(TARGET_NAME)";
				PROVISIONING_PROFILE = "";
				"PROVISIONING_PROFILE[sdk=iphoneos*]" = "58E0C284-4121-4025-90D3-717FBF9D3FA0";
				TARGETED_DEVICE_FAMILY = "1,2";
				WRAPPER_EXTENSION = app;
			};
			name = Release;
		};
		EB4D007E15DE9CC800394DCE /* Debug */ = {
			isa = XCBuildConfiguration;
			buildSettings = {
				BUNDLE_LOADER = "$(BUILT_PRODUCTS_DIR)/geoEvents.app/geoEvents";
				FRAMEWORK_SEARCH_PATHS = (
					"\"$(SDKROOT)/Developer/Library/Frameworks\"",
					"\"$(DEVELOPER_LIBRARY_DIR)/Frameworks\"",
				);
				GCC_PRECOMPILE_PREFIX_HEADER = YES;
				GCC_PREFIX_HEADER = "geoEvents/geoEvents-Prefix.pch";
				INFOPLIST_FILE = "geoEventsTests/geoEventsTests-Info.plist";
				PRODUCT_NAME = "$(TARGET_NAME)";
				TEST_HOST = "$(BUNDLE_LOADER)";
				WRAPPER_EXTENSION = octest;
			};
			name = Debug;
		};
		EB4D007F15DE9CC800394DCE /* Release */ = {
			isa = XCBuildConfiguration;
			buildSettings = {
				BUNDLE_LOADER = "$(BUILT_PRODUCTS_DIR)/geoEvents.app/geoEvents";
				FRAMEWORK_SEARCH_PATHS = (
					"\"$(SDKROOT)/Developer/Library/Frameworks\"",
					"\"$(DEVELOPER_LIBRARY_DIR)/Frameworks\"",
				);
				GCC_PRECOMPILE_PREFIX_HEADER = YES;
				GCC_PREFIX_HEADER = "geoEvents/geoEvents-Prefix.pch";
				INFOPLIST_FILE = "geoEventsTests/geoEventsTests-Info.plist";
				PRODUCT_NAME = "$(TARGET_NAME)";
				TEST_HOST = "$(BUNDLE_LOADER)";
				WRAPPER_EXTENSION = octest;
			};
			name = Release;
		};
/* End XCBuildConfiguration section */

/* Begin XCConfigurationList section */
		EB4D003E15DE9CC700394DCE /* Build configuration list for PBXProject "geoEvents" */ = {
			isa = XCConfigurationList;
			buildConfigurations = (
				EB4D007815DE9CC800394DCE /* Debug */,
				EB4D007915DE9CC800394DCE /* Release */,
			);
			defaultConfigurationIsVisible = 0;
			defaultConfigurationName = Release;
		};
		EB4D007A15DE9CC800394DCE /* Build configuration list for PBXNativeTarget "geoEvents" */ = {
			isa = XCConfigurationList;
			buildConfigurations = (
				EB4D007B15DE9CC800394DCE /* Debug */,
				EB4D007C15DE9CC800394DCE /* Release */,
			);
			defaultConfigurationIsVisible = 0;
			defaultConfigurationName = Release;
		};
		EB4D007D15DE9CC800394DCE /* Build configuration list for PBXNativeTarget "geoEventsTests" */ = {
			isa = XCConfigurationList;
			buildConfigurations = (
				EB4D007E15DE9CC800394DCE /* Debug */,
				EB4D007F15DE9CC800394DCE /* Release */,
			);
			defaultConfigurationIsVisible = 0;
			defaultConfigurationName = Release;
		};
/* End XCConfigurationList section */
	};
	rootObject = EB4D003B15DE9CC700394DCE /* Project object */;
}
