// !$*UTF8*$!
{
	archiveVersion = 1;
	classes = {
	};
	objectVersion = 46;
	objects = {

/* Begin PBXBuildFile section */
		EB4D004915DE9CC700394DCE /* UIKit.framework in Frameworks */ = {isa = PBXBuildFile; fileRef = EB4D004815DE9CC700394DCE /* UIKit.framework */; };
		EB4D004B15DE9CC700394DCE /* Foundation.framework in Frameworks */ = {isa = PBXBuildFile; fileRef = EB4D004A15DE9CC700394DCE /* Foundation.framework */; };
		EB4D004D15DE9CC700394DCE /* CoreGraphics.framework in Frameworks */ = {isa = PBXBuildFile; fileRef = EB4D004C15DE9CC700394DCE /* CoreGraphics.framework */; };
		EB4D005315DE9CC700394DCE /* InfoPlist.strings in Resources */ = {isa = PBXBuildFile; fileRef = EB4D005115DE9CC700394DCE /* InfoPlist.strings */; };
		EB4D005515DE9CC800394DCE /* main.m in Sources */ = {isa = PBXBuildFile; fileRef = EB4D005415DE9CC800394DCE /* main.m */; };
		EB4D005915DE9CC800394DCE /* AppDelegate.m in Sources */ = {isa = PBXBuildFile; fileRef = EB4D005815DE9CC800394DCE /* AppDelegate.m */; };
		EB4D005C15DE9CC800394DCE /* ViewController.m in Sources */ = {isa = PBXBuildFile; fileRef = EB4D005B15DE9CC800394DCE /* ViewController.m */; };
		EB4D005F15DE9CC800394DCE /* ViewController_iPhone.xib in Resources */ = {isa = PBXBuildFile; fileRef = EB4D005D15DE9CC800394DCE /* ViewController_iPhone.xib */; };
		EB4D006215DE9CC800394DCE /* ViewController_iPad.xib in Resources */ = {isa = PBXBuildFile; fileRef = EB4D006015DE9CC800394DCE /* ViewController_iPad.xib */; };
		EB4D006A15DE9CC800394DCE /* SenTestingKit.framework in Frameworks */ = {isa = PBXBuildFile; fileRef = EB4D006915DE9CC800394DCE /* SenTestingKit.framework */; };
		EB4D006B15DE9CC800394DCE /* UIKit.framework in Frameworks */ = {isa = PBXBuildFile; fileRef = EB4D004815DE9CC700394DCE /* UIKit.framework */; };
		EB4D006C15DE9CC800394DCE /* Foundation.framework in Frameworks */ = {isa = PBXBuildFile; fileRef = EB4D004A15DE9CC700394DCE /* Foundation.framework */; };
		EB4D007415DE9CC800394DCE /* InfoPlist.strings in Resources */ = {isa = PBXBuildFile; fileRef = EB4D007215DE9CC800394DCE /* InfoPlist.strings */; };
		EB4D007715DE9CC800394DCE /* geoEventsTests.m in Sources */ = {isa = PBXBuildFile; fileRef = EB4D007615DE9CC800394DCE /* geoEventsTests.m */; };
/* End PBXBuildFile section */

/* Begin PBXContainerItemProxy section */
		EB4D006D15DE9CC800394DCE /* PBXContainerItemProxy */ = {
			isa = PBXContainerItemProxy;
			containerPortal = EB4D003B15DE9CC700394DCE /* Project object */;
			proxyType = 1;
			remoteGlobalIDString = EB4D004315DE9CC700394DCE;
			remoteInfo = geoEvents;
		};
/* End PBXContainerItemProxy section */

/* Begin PBXFileReference section */
		EB4D004415DE9CC700394DCE /* geoEvents.app */ = {isa = PBXFileReference; explicitFileType = wrapper.application; includeInIndex = 0; path = geoEvents.app; sourceTree = BUILT_PRODUCTS_DIR; };
		EB4D004815DE9CC700394DCE /* UIKit.framework */ = {isa = PBXFileReference; lastKnownFileType = wrapper.framework; name = UIKit.framework; path = System/Library/Frameworks/UIKit.framework; sourceTree = SDKROOT; };
		EB4D004A15DE9CC700394DCE /* Foundation.framework */ = {isa = PBXFileReference; lastKnownFileType = wrapper.framework; name = Foundation.framework; path = System/Library/Frameworks/Foundation.framework; sourceTree = SDKROOT; };
		EB4D004C15DE9CC700394DCE /* CoreGraphics.framework */ = {isa = PBXFileReference; lastKnownFileType = wrapper.framework; name = CoreGraphics.framework; path = System/Library/Frameworks/CoreGraphics.framework; sourceTree = SDKROOT; };
		EB4D005015DE9CC700394DCE /* geoEvents-Info.plist */ = {isa = PBXFileReference; lastKnownFileType = text.plist.xml; path = "geoEvents-Info.plist"; sourceTree = "<group>"; };
		EB4D005215DE9CC700394DCE /* en */ = {isa = PBXFileReference; lastKnownFileType = text.plist.strings; name = en; path = en.lproj/InfoPlist.strings; sourceTree = "<group>"; };
		EB4D005415DE9CC800394DCE /* main.m */ = {isa = PBXFileReference; lastKnownFileType = sourcecode.c.objc; path = main.m; sourceTree = "<group>"; };
		EB4D005615DE9CC800394DCE /* geoEvents-Prefix.pch */ = {isa = PBXFileReference; lastKnownFileType = sourcecode.c.h; path = "geoEvents-Prefix.pch"; sourceTree = "<group>"; };
		EB4D005715DE9CC800394DCE /* AppDelegate.h */ = {isa = PBXFileReference; lastKnownFileType = sourcecode.c.h; path = AppDelegate.h; sourceTree = "<group>"; };
		EB4D005815DE9CC800394DCE /* AppDelegate.m */ = {isa = PBXFileReference; lastKnownFileType = sourcecode.c.objc; path = AppDelegate.m; sourceTree = "<group>"; };
		EB4D005A15DE9CC800394DCE /* ViewController.h */ = {isa = PBXFileReference; lastKnownFileType = sourcecode.c.h; path = ViewController.h; sourceTree = "<group>"; };
		EB4D005B15DE9CC800394DCE /* ViewController.m */ = {isa = PBXFileReference; lastKnownFileType = sourcecode.c.objc; path = ViewController.m; sourceTree = "<group>"; };
		EB4D005E15DE9CC800394DCE /* en */ = {isa = PBXFileReference; lastKnownFileType = file.xib; name = en; path = en.lproj/ViewController_iPhone.xib; sourceTree = "<group>"; };
		EB4D006115DE9CC800394DCE /* en */ = {isa = PBXFileReference; lastKnownFileType = file.xib; name = en; path = en.lproj/ViewController_iPad.xib; sourceTree = "<group>"; };
		EB4D006815DE9CC800394DCE /* geoEventsTests.octest */ = {isa = PBXFileReference; explicitFileType = wrapper.cfbundle; includeInIndex = 0; path = geoEventsTests.octest; sourceTree = BUILT_PRODUCTS_DIR; };
		EB4D006915DE9CC800394DCE /* SenTestingKit.framework */ = {isa = PBXFileReference; lastKnownFileType = wrapper.framework; name = SenTestingKit.framework; path = Library/Frameworks/SenTestingKit.framework; sourceTree = DEVELOPER_DIR; };
		EB4D007115DE9CC800394DCE /* geoEventsTests-Info.plist */ = {isa = PBXFileReference; lastKnownFileType = text.plist.xml; path = "geoEventsTests-Info.plist"; sourceTree = "<group>"; };
		EB4D007315DE9CC800394DCE /* en */ = {isa = PBXFileReference; lastKnownFileType = text.plist.strings; name = en; path = en.lproj/InfoPlist.strings; sourceTree = "<group>"; };
		EB4D007515DE9CC800394DCE /* geoEventsTests.h */ = {isa = PBXFileReference; lastKnownFileType = sourcecode.c.h; path = geoEventsTests.h; sourceTree = "<group>"; };
		EB4D007615DE9CC800394DCE /* geoEventsTests.m */ = {isa = PBXFileReference; lastKnownFileType = sourcecode.c.objc; path = geoEventsTests.m; sourceTree = "<group>"; };
/* End PBXFileReference section */

/* Begin PBXFrameworksBuildPhase section */
		EB4D004115DE9CC700394DCE /* Frameworks */ = {
			isa = PBXFrameworksBuildPhase;
			buildActionMask = 2147483647;
			files = (
				EB4D004915DE9CC700394DCE /* UIKit.framework in Frameworks */,
				EB4D004B15DE9CC700394DCE /* Foundation.framework in Frameworks */,
				EB4D004D15DE9CC700394DCE /* CoreGraphics.framework in Frameworks */,
			);
			runOnlyForDeploymentPostprocessing = 0;
		};
		EB4D006415DE9CC800394DCE /* Frameworks */ = {
			isa = PBXFrameworksBuildPhase;
			buildActionMask = 2147483647;
			files = (
				EB4D006A15DE9CC800394DCE /* SenTestingKit.framework in Frameworks */,
				EB4D006B15DE9CC800394DCE /* UIKit.framework in Frameworks */,
				EB4D006C15DE9CC800394DCE /* Foundation.framework in Frameworks */,
			);
			runOnlyForDeploymentPostprocessing = 0;
		};
/* End PBXFrameworksBuildPhase section */

/* Begin PBXGroup section */
		EB4D003915DE9CC700394DCE = {
			isa = PBXGroup;
			children = (
				EB4D004E15DE9CC700394DCE /* geoEvents */,
				EB4D006F15DE9CC800394DCE /* geoEventsTests */,
				EB4D004715DE9CC700394DCE /* Frameworks */,
				EB4D004515DE9CC700394DCE /* Products */,
			);
			sourceTree = "<group>";
		};
		EB4D004515DE9CC700394DCE /* Products */ = {
			isa = PBXGroup;
			children = (
				EB4D004415DE9CC700394DCE /* geoEvents.app */,
				EB4D006815DE9CC800394DCE /* geoEventsTests.octest */,
			);
			name = Products;
			sourceTree = "<group>";
		};
		EB4D004715DE9CC700394DCE /* Frameworks */ = {
			isa = PBXGroup;
			children = (
				EB4D004815DE9CC700394DCE /* UIKit.framework */,
				EB4D004A15DE9CC700394DCE /* Foundation.framework */,
				EB4D004C15DE9CC700394DCE /* CoreGraphics.framework */,
				EB4D006915DE9CC800394DCE /* SenTestingKit.framework */,
			);
			name = Frameworks;
			sourceTree = "<group>";
		};
		EB4D004E15DE9CC700394DCE /* geoEvents */ = {
			isa = PBXGroup;
			children = (
				EB4D005715DE9CC800394DCE /* AppDelegate.h */,
				EB4D005815DE9CC800394DCE /* AppDelegate.m */,
				EB4D005A15DE9CC800394DCE /* ViewController.h */,
				EB4D005B15DE9CC800394DCE /* ViewController.m */,
				EB4D005D15DE9CC800394DCE /* ViewController_iPhone.xib */,
				EB4D006015DE9CC800394DCE /* ViewController_iPad.xib */,
				EB4D004F15DE9CC700394DCE /* Supporting Files */,
			);
			path = geoEvents;
			sourceTree = "<group>";
		};
		EB4D004F15DE9CC700394DCE /* Supporting Files */ = {
			isa = PBXGroup;
			children = (
				EB4D005015DE9CC700394DCE /* geoEvents-Info.plist */,
				EB4D005115DE9CC700394DCE /* InfoPlist.strings */,
				EB4D005415DE9CC800394DCE /* main.m */,
				EB4D005615DE9CC800394DCE /* geoEvents-Prefix.pch */,
			);
			name = "Supporting Files";
			sourceTree = "<group>";
		};
		EB4D006F15DE9CC800394DCE /* geoEventsTests */ = {
			isa = PBXGroup;
			children = (
				EB4D007515DE9CC800394DCE /* geoEventsTests.h */,
				EB4D007615DE9CC800394DCE /* geoEventsTests.m */,
				EB4D007015DE9CC800394DCE /* Supporting Files */,
			);
			path = geoEventsTests;
			sourceTree = "<group>";
		};
		EB4D007015DE9CC800394DCE /* Supporting Files */ = {
			isa = PBXGroup;
			children = (
				EB4D007115DE9CC800394DCE /* geoEventsTests-Info.plist */,
				EB4D007215DE9CC800394DCE /* InfoPlist.strings */,
			);
			name = "Supporting Files";
			sourceTree = "<group>";
		};
/* End PBXGroup section */

/* Begin PBXNativeTarget section */
		EB4D004315DE9CC700394DCE /* geoEvents */ = {
			isa = PBXNativeTarget;
			buildConfigurationList = EB4D007A15DE9CC800394DCE /* Build configuration list for PBXNativeTarget "geoEvents" */;
			buildPhases = (
				EB4D004015DE9CC700394DCE /* Sources */,
				EB4D004115DE9CC700394DCE /* Frameworks */,
				EB4D004215DE9CC700394DCE /* Resources */,
			);
			buildRules = (
			);
			dependencies = (
			);
			name = geoEvents;
			productName = geoEvents;
			productReference = EB4D004415DE9CC700394DCE /* geoEvents.app */;
			productType = "com.apple.product-type.application";
		};
		EB4D006715DE9CC800394DCE /* geoEventsTests */ = {
			isa = PBXNativeTarget;
			buildConfigurationList = EB4D007D15DE9CC800394DCE /* Build configuration list for PBXNativeTarget "geoEventsTests" */;
			buildPhases = (
				EB4D006315DE9CC800394DCE /* Sources */,
				EB4D006415DE9CC800394DCE /* Frameworks */,
				EB4D006515DE9CC800394DCE /* Resources */,
				EB4D006615DE9CC800394DCE /* ShellScript */,
			);
			buildRules = (
			);
			dependencies = (
				EB4D006E15DE9CC800394DCE /* PBXTargetDependency */,
			);
			name = geoEventsTests;
			productName = geoEventsTests;
			productReference = EB4D006815DE9CC800394DCE /* geoEventsTests.octest */;
			productType = "com.apple.product-type.bundle";
		};
/* End PBXNativeTarget section */

/* Begin PBXProject section */
		EB4D003B15DE9CC700394DCE /* Project object */ = {
			isa = PBXProject;
			attributes = {
				LastUpgradeCheck = 0450;
				ORGANIZATIONNAME = "Jorge Jordán Arenas";
			};
			buildConfigurationList = EB4D003E15DE9CC700394DCE /* Build configuration list for PBXProject "geoEvents" */;
			compatibilityVersion = "Xcode 3.2";
			developmentRegion = English;
			hasScannedForEncodings = 0;
			knownRegions = (
				en,
			);
			mainGroup = EB4D003915DE9CC700394DCE;
			productRefGroup = EB4D004515DE9CC700394DCE /* Products */;
			projectDirPath = "";
			projectRoot = "";
			targets = (
				EB4D004315DE9CC700394DCE /* geoEvents */,
				EB4D006715DE9CC800394DCE /* geoEventsTests */,
			);
		};
/* End PBXProject section */

/* Begin PBXResourcesBuildPhase section */
		EB4D004215DE9CC700394DCE /* Resources */ = {
			isa = PBXResourcesBuildPhase;
			buildActionMask = 2147483647;
			files = (
				EB4D005315DE9CC700394DCE /* InfoPlist.strings in Resources */,
				EB4D005F15DE9CC800394DCE /* ViewController_iPhone.xib in Resources */,
				EB4D006215DE9CC800394DCE /* ViewController_iPad.xib in Resources */,
			);
			runOnlyForDeploymentPostprocessing = 0;
		};
		EB4D006515DE9CC800394DCE /* Resources */ = {
			isa = PBXResourcesBuildPhase;
			buildActionMask = 2147483647;
			files = (
				EB4D007415DE9CC800394DCE /* InfoPlist.strings in Resources */,
			);
			runOnlyForDeploymentPostprocessing = 0;
		};
/* End PBXResourcesBuildPhase section */

/* Begin PBXShellScriptBuildPhase section */
		EB4D006615DE9CC800394DCE /* ShellScript */ = {
			isa = PBXShellScriptBuildPhase;
			buildActionMask = 2147483647;
			files = (
			);
			inputPaths = (
			);
			outputPaths = (
			);
			runOnlyForDeploymentPostprocessing = 0;
			shellPath = /bin/sh;
			shellScript = "# Run the unit tests in this test bundle.\n\"${SYSTEM_DEVELOPER_DIR}/Tools/RunUnitTests\"\n";
		};
/* End PBXShellScriptBuildPhase section */

/* Begin PBXSourcesBuildPhase section */
		EB4D004015DE9CC700394DCE /* Sources */ = {
			isa = PBXSourcesBuildPhase;
			buildActionMask = 2147483647;
			files = (
				EB4D005515DE9CC800394DCE /* main.m in Sources */,
				EB4D005915DE9CC800394DCE /* AppDelegate.m in Sources */,
				EB4D005C15DE9CC800394DCE /* ViewController.m in Sources */,
			);
			runOnlyForDeploymentPostprocessing = 0;
		};
		EB4D006315DE9CC800394DCE /* Sources */ = {
			isa = PBXSourcesBuildPhase;
			buildActionMask = 2147483647;
			files = (
				EB4D007715DE9CC800394DCE /* geoEventsTests.m in Sources */,
			);
			runOnlyForDeploymentPostprocessing = 0;
		};
/* End PBXSourcesBuildPhase section */

/* Begin PBXTargetDependency section */
		EB4D006E15DE9CC800394DCE /* PBXTargetDependency */ = {
			isa = PBXTargetDependency;
			target = EB4D004315DE9CC700394DCE /* geoEvents */;
			targetProxy = EB4D006D15DE9CC800394DCE /* PBXContainerItemProxy */;
		};
/* End PBXTargetDependency section */

/* Begin PBXVariantGroup section */
		EB4D005115DE9CC700394DCE /* InfoPlist.strings */ = {
			isa = PBXVariantGroup;
			children = (
				EB4D005215DE9CC700394DCE /* en */,
			);
			name = InfoPlist.strings;
			sourceTree = "<group>";
		};
		EB4D005D15DE9CC800394DCE /* ViewController_iPhone.xib */ = {
			isa = PBXVariantGroup;
			children = (
				EB4D005E15DE9CC800394DCE /* en */,
			);
			name = ViewController_iPhone.xib;
			sourceTree = "<group>";
		};
		EB4D006015DE9CC800394DCE /* ViewController_iPad.xib */ = {
			isa = PBXVariantGroup;
			children = (
				EB4D006115DE9CC800394DCE /* en */,
			);
			name = ViewController_iPad.xib;
			sourceTree = "<group>";
		};
		EB4D007215DE9CC800394DCE /* InfoPlist.strings */ = {
			isa = PBXVariantGroup;
			children = (
				EB4D007315DE9CC800394DCE /* en */,
			);
			name = InfoPlist.strings;
			sourceTree = "<group>";
		};
/* End PBXVariantGroup section */

/* Begin XCBuildConfiguration section */
		EB4D007815DE9CC800394DCE /* Debug */ = {
			isa = XCBuildConfiguration;
			buildSettings = {
				ALWAYS_SEARCH_USER_PATHS = NO;
				CLANG_CXX_LANGUAGE_STANDARD = "gnu++0x";
				CLANG_ENABLE_OBJC_ARC = YES;
				CLANG_WARN__DUPLICATE_METHOD_MATCH = YES;
				"CODE_SIGN_IDENTITY[sdk=iphoneos*]" = "iPhone Developer";
				COPY_PHASE_STRIP = NO;
				GCC_C_LANGUAGE_STANDARD = gnu99;
				GCC_DYNAMIC_NO_PIC = NO;
				GCC_OPTIMIZATION_LEVEL = 0;
				GCC_PREPROCESSOR_DEFINITIONS = (
					"DEBUG=1",
					"$(inherited)",
				);
				GCC_SYMBOLS_PRIVATE_EXTERN = NO;
				GCC_WARN_ABOUT_RETURN_TYPE = YES;
				GCC_WARN_UNINITIALIZED_AUTOS = YES;
				GCC_WARN_UNUSED_VARIABLE = YES;
				IPHONEOS_DEPLOYMENT_TARGET = 6.0;
				SDKROOT = iphoneos;
				TARGETED_DEVICE_FAMILY = "1,2";
			};
			name = Debug;
		};
		EB4D007915DE9CC800394DCE /* Release */ = {
			isa = XCBuildConfiguration;
			buildSettings = {
				ALWAYS_SEARCH_USER_PATHS = NO;
				CLANG_CXX_LANGUAGE_STANDARD = "gnu++0x";
				CLANG_ENABLE_OBJC_ARC = YES;
				CLANG_WARN__DUPLICATE_METHOD_MATCH = YES;
				"CODE_SIGN_IDENTITY[sdk=iphoneos*]" = "iPhone Developer";
				COPY_PHASE_STRIP = YES;
				GCC_C_LANGUAGE_STANDARD = gnu99;
				GCC_WARN_ABOUT_RETURN_TYPE = YES;
				GCC_WARN_UNINITIALIZED_AUTOS = YES;
				GCC_WARN_UNUSED_VARIABLE = YES;
				IPHONEOS_DEPLOYMENT_TARGET = 6.0;
				OTHER_CFLAGS = "-DNS_BLOCK_ASSERTIONS=1";
				SDKROOT = iphoneos;
				TARGETED_DEVICE_FAMILY = "1,2";
				VALIDATE_PRODUCT = YES;
			};
			name = Release;
		};
		EB4D007B15DE9CC800394DCE /* Debug */ = {
			isa = XCBuildConfiguration;
			buildSettings = {
				GCC_PRECOMPILE_PREFIX_HEADER = YES;
				GCC_PREFIX_HEADER = "geoEvents/geoEvents-Prefix.pch";
				INFOPLIST_FILE = "geoEvents/geoEvents-Info.plist";
				PRODUCT_NAME = "$(TARGET_NAME)";
				WRAPPER_EXTENSION = app;
			};
			name = Debug;
		};
		EB4D007C15DE9CC800394DCE /* Release */ = {
			isa = XCBuildConfiguration;
			buildSettings = {
				GCC_PRECOMPILE_PREFIX_HEADER = YES;
				GCC_PREFIX_HEADER = "geoEvents/geoEvents-Prefix.pch";
				INFOPLIST_FILE = "geoEvents/geoEvents-Info.plist";
				PRODUCT_NAME = "$(TARGET_NAME)";
				WRAPPER_EXTENSION = app;
			};
			name = Release;
		};
		EB4D007E15DE9CC800394DCE /* Debug */ = {
			isa = XCBuildConfiguration;
			buildSettings = {
				BUNDLE_LOADER = "$(BUILT_PRODUCTS_DIR)/geoEvents.app/geoEvents";
				FRAMEWORK_SEARCH_PATHS = (
					"\"$(SDKROOT)/Developer/Library/Frameworks\"",
					"\"$(DEVELOPER_LIBRARY_DIR)/Frameworks\"",
				);
				GCC_PRECOMPILE_PREFIX_HEADER = YES;
				GCC_PREFIX_HEADER = "geoEvents/geoEvents-Prefix.pch";
				INFOPLIST_FILE = "geoEventsTests/geoEventsTests-Info.plist";
				PRODUCT_NAME = "$(TARGET_NAME)";
				TEST_HOST = "$(BUNDLE_LOADER)";
				WRAPPER_EXTENSION = octest;
			};
			name = Debug;
		};
		EB4D007F15DE9CC800394DCE /* Release */ = {
			isa = XCBuildConfiguration;
			buildSettings = {
				BUNDLE_LOADER = "$(BUILT_PRODUCTS_DIR)/geoEvents.app/geoEvents";
				FRAMEWORK_SEARCH_PATHS = (
					"\"$(SDKROOT)/Developer/Library/Frameworks\"",
					"\"$(DEVELOPER_LIBRARY_DIR)/Frameworks\"",
				);
				GCC_PRECOMPILE_PREFIX_HEADER = YES;
				GCC_PREFIX_HEADER = "geoEvents/geoEvents-Prefix.pch";
				INFOPLIST_FILE = "geoEventsTests/geoEventsTests-Info.plist";
				PRODUCT_NAME = "$(TARGET_NAME)";
				TEST_HOST = "$(BUNDLE_LOADER)";
				WRAPPER_EXTENSION = octest;
			};
			name = Release;
		};
/* End XCBuildConfiguration section */

/* Begin XCConfigurationList section */
		EB4D003E15DE9CC700394DCE /* Build configuration list for PBXProject "geoEvents" */ = {
			isa = XCConfigurationList;
			buildConfigurations = (
				EB4D007815DE9CC800394DCE /* Debug */,
				EB4D007915DE9CC800394DCE /* Release */,
			);
			defaultConfigurationIsVisible = 0;
			defaultConfigurationName = Release;
		};
		EB4D007A15DE9CC800394DCE /* Build configuration list for PBXNativeTarget "geoEvents" */ = {
			isa = XCConfigurationList;
			buildConfigurations = (
				EB4D007B15DE9CC800394DCE /* Debug */,
				EB4D007C15DE9CC800394DCE /* Release */,
			);
			defaultConfigurationIsVisible = 0;
		};
		EB4D007D15DE9CC800394DCE /* Build configuration list for PBXNativeTarget "geoEventsTests" */ = {
			isa = XCConfigurationList;
			buildConfigurations = (
				EB4D007E15DE9CC800394DCE /* Debug */,
				EB4D007F15DE9CC800394DCE /* Release */,
			);
			defaultConfigurationIsVisible = 0;
		};
/* End XCConfigurationList section */
	};
	rootObject = EB4D003B15DE9CC700394DCE /* Project object */;
}
